
Microsoft Visual Studio Solution File, Format Version 12.00
# Visual Studio Version 16
VisualStudioVersion = 16.0.30114.128
MinimumVisualStudioVersion = 10.0.40219.1
Project("{FAE04EC0-301F-11D3-BF4B-00C04F79EFBC}") = "SansarEmporiamApplication", "SansarEmporiamApplication.csproj", "{0A03E6C1-7A01-4353-8123-CD4499750558}"
EndProject
Project("{FAE04EC0-301F-11D3-BF4B-00C04F79EFBC}") = "SansarEmporiamApplication.Tests", "..\SansarEmporiamApplication.Tests\SansarEmporiamApplication.Tests.csproj", "{C10AE7D4-8EEA-40F5-AE17-2B28298FE725}"
EndProject
Global
	GlobalSection(SolutionConfigurationPlatforms) = preSolution
		Debug|Any CPU = Debug|Any CPU
		Release|Any CPU = Release|Any CPU
	EndGlobalSection
	GlobalSection(ProjectConfigurationPlatforms) = postSolution
		{0A03E6C1-7A01-4353-8123-CD4499750558}.Debug|Any CPU.ActiveCfg = Debug|Any CPU
		{0A03E6C1-7A01-4353-8123-CD4499750558}.Debug|Any CPU.Build.0 = Debug|Any CPU
		{0A03E6C1-7A01-4353-8123-CD4499750558}.Release|Any CPU.ActiveCfg = Release|Any CPU
		{0A03E6C1-7A01-4353-8123-CD4499750558}.Release|Any CPU.Build.0 = Release|Any CPU
		{C10AE7D4-8EEA-40F5-AE17-2B28298FE725}.Debug|Any CPU.ActiveCfg = Debug|Any CPU
		{C10AE7D4-8EEA-40F5-AE17-2B28298FE725}.Debug|Any CPU.Build.0 = Debug|Any CPU
		{C10AE7D4-8EEA-40F5-AE17-2B28298FE725}.Release|Any CPU.ActiveCfg = Release|Any CPU
		{C10AE7D4-8EEA-40F5-AE17-2B28298FE725}.Release|Any CPU.Build.0 = Release|Any CPU
	EndGlobalSection
	GlobalSection(SolutionProperties) = preSolution
		HideSolutionNode = FALSE
	EndGlobalSection
	GlobalSection(ExtensibilityGlobals) = postSolution
		SolutionGuid = {AD6F3FD9-1B80-42BC-8446-8FB63D65E6CF}
	EndGlobalSection
EndGlobal
